
Microsoft Visual Studio Solution File, Format Version 12.00
# Visual Studio Version 17
VisualStudioVersion = 17.9.34723.18
MinimumVisualStudioVersion = 10.0.40219.1
Project("{FAE04EC0-301F-11D3-BF4B-00C04F79EFBC}") = "Ex5-Funcionarios", "Ex5-Funcionarios\Ex5-Funcionarios.csproj", "{4236F494-B096-46A9-B0C0-3604F78B990A}"
EndProject
Global
	GlobalSection(SolutionConfigurationPlatforms) = preSolution
		Debug|Any CPU = Debug|Any CPU
		Release|Any CPU = Release|Any CPU
	EndGlobalSection
	GlobalSection(ProjectConfigurationPlatforms) = postSolution
		{4236F494-B096-46A9-B0C0-3604F78B990A}.Debug|Any CPU.ActiveCfg = Debug|Any CPU
		{4236F494-B096-46A9-B0C0-3604F78B990A}.Debug|Any CPU.Build.0 = Debug|Any CPU
		{4236F494-B096-46A9-B0C0-3604F78B990A}.Release|Any CPU.ActiveCfg = Release|Any CPU
		{4236F494-B096-46A9-B0C0-3604F78B990A}.Release|Any CPU.Build.0 = Release|Any CPU
	EndGlobalSection
	GlobalSection(SolutionProperties) = preSolution
		HideSolutionNode = FALSE
	EndGlobalSection
	GlobalSection(ExtensibilityGlobals) = postSolution
		SolutionGuid = {B8692523-72F9-4F5F-8AB1-0C75C6E35CC9}
	EndGlobalSection
EndGlobal
