
Microsoft Visual Studio Solution File, Format Version 12.00
# Visual Studio Version 17
VisualStudioVersion = 17.9.34723.18
MinimumVisualStudioVersion = 10.0.40219.1
Project("{FAE04EC0-301F-11D3-BF4B-00C04F79EFBC}") = "04-Animal", "04-Animal\04-Animal.csproj", "{CEED0AC5-F664-4CC9-B1EE-74FF55D2611C}"
EndProject
Global
	GlobalSection(SolutionConfigurationPlatforms) = preSolution
		Debug|Any CPU = Debug|Any CPU
		Release|Any CPU = Release|Any CPU
	EndGlobalSection
	GlobalSection(ProjectConfigurationPlatforms) = postSolution
		{CEED0AC5-F664-4CC9-B1EE-74FF55D2611C}.Debug|Any CPU.ActiveCfg = Debug|Any CPU
		{CEED0AC5-F664-4CC9-B1EE-74FF55D2611C}.Debug|Any CPU.Build.0 = Debug|Any CPU
		{CEED0AC5-F664-4CC9-B1EE-74FF55D2611C}.Release|Any CPU.ActiveCfg = Release|Any CPU
		{CEED0AC5-F664-4CC9-B1EE-74FF55D2611C}.Release|Any CPU.Build.0 = Release|Any CPU
	EndGlobalSection
	GlobalSection(SolutionProperties) = preSolution
		HideSolutionNode = FALSE
	EndGlobalSection
	GlobalSection(ExtensibilityGlobals) = postSolution
		SolutionGuid = {4C05BEE3-BF91-470D-9DD0-7C4B9CF81604}
	EndGlobalSection
EndGlobal
