
Microsoft Visual Studio Solution File, Format Version 12.00
# Visual Studio Version 17
VisualStudioVersion = 17.9.34723.18
MinimumVisualStudioVersion = 10.0.40219.1
Project("{FAE04EC0-301F-11D3-BF4B-00C04F79EFBC}") = "03-Produto", "03-Produto\03-Produto.csproj", "{7CFAB222-78D6-4ECD-83B2-7E0BA212EA2B}"
EndProject
Global
	GlobalSection(SolutionConfigurationPlatforms) = preSolution
		Debug|Any CPU = Debug|Any CPU
		Release|Any CPU = Release|Any CPU
	EndGlobalSection
	GlobalSection(ProjectConfigurationPlatforms) = postSolution
		{7CFAB222-78D6-4ECD-83B2-7E0BA212EA2B}.Debug|Any CPU.ActiveCfg = Debug|Any CPU
		{7CFAB222-78D6-4ECD-83B2-7E0BA212EA2B}.Debug|Any CPU.Build.0 = Debug|Any CPU
		{7CFAB222-78D6-4ECD-83B2-7E0BA212EA2B}.Release|Any CPU.ActiveCfg = Release|Any CPU
		{7CFAB222-78D6-4ECD-83B2-7E0BA212EA2B}.Release|Any CPU.Build.0 = Release|Any CPU
	EndGlobalSection
	GlobalSection(SolutionProperties) = preSolution
		HideSolutionNode = FALSE
	EndGlobalSection
	GlobalSection(ExtensibilityGlobals) = postSolution
		SolutionGuid = {5E2B605F-9F9E-4FED-8758-7F35B2CC5640}
	EndGlobalSection
EndGlobal
